
Microsoft Visual Studio Solution File, Format Version 12.00
# Visual Studio Version 16
VisualStudioVersion = 16.0.29521.150
MinimumVisualStudioVersion = 10.0.40219.1
Project("{FAE04EC0-301F-11D3-BF4B-00C04F79EFBC}") = "WinLess", "WinLess\WinLess.csproj", "{F4FD4FF1-F888-4E1D-AB1C-E30BD7E5FC56}"
EndProject
Global
	GlobalSection(SolutionConfigurationPlatforms) = preSolution
		Debug|Any CPU = Debug|Any CPU
		Debug|x86 = Debug|x86
		Release|Any CPU = Release|Any CPU
		Release|x86 = Release|x86
	EndGlobalSection
	GlobalSection(ProjectConfigurationPlatforms) = postSolution
		{F4FD4FF1-F888-4E1D-AB1C-E30BD7E5FC56}.Debug|Any CPU.ActiveCfg = Debug|Any CPU
		{F4FD4FF1-F888-4E1D-AB1C-E30BD7E5FC56}.Debug|Any CPU.Build.0 = Debug|Any CPU
		{F4FD4FF1-F888-4E1D-AB1C-E30BD7E5FC56}.Debug|x86.ActiveCfg = Debug|Any CPU
		{F4FD4FF1-F888-4E1D-AB1C-E30BD7E5FC56}.Debug|x86.Build.0 = Debug|Any CPU
		{F4FD4FF1-F888-4E1D-AB1C-E30BD7E5FC56}.Release|Any CPU.ActiveCfg = Release|Any CPU
		{F4FD4FF1-F888-4E1D-AB1C-E30BD7E5FC56}.Release|Any CPU.Build.0 = Release|Any CPU
		{F4FD4FF1-F888-4E1D-AB1C-E30BD7E5FC56}.Release|x86.ActiveCfg = Release|Any CPU
		{F4FD4FF1-F888-4E1D-AB1C-E30BD7E5FC56}.Release|x86.Build.0 = Release|Any CPU
	EndGlobalSection
	GlobalSection(SolutionProperties) = preSolution
		HideSolutionNode = FALSE
	EndGlobalSection
	GlobalSection(ExtensibilityGlobals) = postSolution
		SolutionGuid = {0ADDE274-7BB2-415D-8CD4-82ECF95CC3B7}
	EndGlobalSection
EndGlobal
